// !$*UTF8*$!
{
	archiveVersion = 1;
	classes = {
	};
	objectVersion = 50;
	objects = {

/* Begin PBXBuildFile section */
		81F654EAC60F0F973E31495B /* Pods_TestProject.framework in Frameworks */ = {isa = PBXBuildFile; fileRef = 6CA8FCFBF96B0BCF02B2624B /* Pods_TestProject.framework */; };
		BCD6070D2096BADC0044E88F /* AppDelegate.swift in Sources */ = {isa = PBXBuildFile; fileRef = BCD6070C2096BADC0044E88F /* AppDelegate.swift */; };
		BCD6070F2096BADC0044E88F /* ViewController.swift in Sources */ = {isa = PBXBuildFile; fileRef = BCD6070E2096BADC0044E88F /* ViewController.swift */; };
		BCD607122096BADC0044E88F /* Main.storyboard in Resources */ = {isa = PBXBuildFile; fileRef = BCD607102096BADC0044E88F /* Main.storyboard */; };
		BCD607142096BADD0044E88F /* Assets.xcassets in Resources */ = {isa = PBXBuildFile; fileRef = BCD607132096BADD0044E88F /* Assets.xcassets */; };
		BCD607172096BADD0044E88F /* LaunchScreen.storyboard in Resources */ = {isa = PBXBuildFile; fileRef = BCD607152096BADD0044E88F /* LaunchScreen.storyboard */; };
		BCD607702096BC0F0044E88F /* ZKBase.framework in Frameworks */ = {isa = PBXBuildFile; fileRef = BCD6076F2096BC0F0044E88F /* ZKBase.framework */; };
		BCD607722096BF170044E88F /* HomeViewController.swift in Sources */ = {isa = PBXBuildFile; fileRef = BCD607712096BF170044E88F /* HomeViewController.swift */; };
		BCD607742096BF4F0044E88F /* BaseViewController.swift in Sources */ = {isa = PBXBuildFile; fileRef = BCD607732096BF4F0044E88F /* BaseViewController.swift */; };
		BCD6077A2096CE8B0044E88F /* ViewController.swift in Sources */ = {isa = PBXBuildFile; fileRef = BCD6070E2096BADC0044E88F /* ViewController.swift */; };
		BCD6077B2096CE8B0044E88F /* BaseViewController.swift in Sources */ = {isa = PBXBuildFile; fileRef = BCD607732096BF4F0044E88F /* BaseViewController.swift */; };
		BCD6077C2096CE8B0044E88F /* AppDelegate.swift in Sources */ = {isa = PBXBuildFile; fileRef = BCD6070C2096BADC0044E88F /* AppDelegate.swift */; };
		BCD6077D2096CE8B0044E88F /* HomeViewController.swift in Sources */ = {isa = PBXBuildFile; fileRef = BCD607712096BF170044E88F /* HomeViewController.swift */; };
		BCD6077F2096CE8B0044E88F /* ZKBase.framework in Frameworks */ = {isa = PBXBuildFile; fileRef = BCD6076F2096BC0F0044E88F /* ZKBase.framework */; };
		BCD607802096CE8B0044E88F /* Pods_TestProject.framework in Frameworks */ = {isa = PBXBuildFile; fileRef = 6CA8FCFBF96B0BCF02B2624B /* Pods_TestProject.framework */; };
		BCD607822096CE8B0044E88F /* LaunchScreen.storyboard in Resources */ = {isa = PBXBuildFile; fileRef = BCD607152096BADD0044E88F /* LaunchScreen.storyboard */; };
		BCD607832096CE8B0044E88F /* Assets.xcassets in Resources */ = {isa = PBXBuildFile; fileRef = BCD607132096BADD0044E88F /* Assets.xcassets */; };
		BCD607842096CE8B0044E88F /* Main.storyboard in Resources */ = {isa = PBXBuildFile; fileRef = BCD607102096BADC0044E88F /* Main.storyboard */; };
/* End PBXBuildFile section */

/* Begin PBXFileReference section */
		6CA8FCFBF96B0BCF02B2624B /* Pods_TestProject.framework */ = {isa = PBXFileReference; explicitFileType = wrapper.framework; includeInIndex = 0; path = Pods_TestProject.framework; sourceTree = BUILT_PRODUCTS_DIR; };
		8DCF1282AF47769E2280A849 /* Pods-TestProject.release.xcconfig */ = {isa = PBXFileReference; includeInIndex = 1; lastKnownFileType = text.xcconfig; name = "Pods-TestProject.release.xcconfig"; path = "../Pods/Target Support Files/Pods-TestProject/Pods-TestProject.release.xcconfig"; sourceTree = "<group>"; };
		A8213BD0DA18B0571358D90F /* Pods-TestProject.debug.xcconfig */ = {isa = PBXFileReference; includeInIndex = 1; lastKnownFileType = text.xcconfig; name = "Pods-TestProject.debug.xcconfig"; path = "../Pods/Target Support Files/Pods-TestProject/Pods-TestProject.debug.xcconfig"; sourceTree = "<group>"; };
		BCD607092096BADC0044E88F /* TestProject.app */ = {isa = PBXFileReference; explicitFileType = wrapper.application; includeInIndex = 0; path = TestProject.app; sourceTree = BUILT_PRODUCTS_DIR; };
		BCD6070C2096BADC0044E88F /* AppDelegate.swift */ = {isa = PBXFileReference; lastKnownFileType = sourcecode.swift; path = AppDelegate.swift; sourceTree = "<group>"; };
		BCD6070E2096BADC0044E88F /* ViewController.swift */ = {isa = PBXFileReference; lastKnownFileType = sourcecode.swift; path = ViewController.swift; sourceTree = "<group>"; };
		BCD607112096BADC0044E88F /* Base */ = {isa = PBXFileReference; lastKnownFileType = file.storyboard; name = Base; path = Base.lproj/Main.storyboard; sourceTree = "<group>"; };
		BCD607132096BADD0044E88F /* Assets.xcassets */ = {isa = PBXFileReference; lastKnownFileType = folder.assetcatalog; path = Assets.xcassets; sourceTree = "<group>"; };
		BCD607162096BADD0044E88F /* Base */ = {isa = PBXFileReference; lastKnownFileType = file.storyboard; name = Base; path = Base.lproj/LaunchScreen.storyboard; sourceTree = "<group>"; };
		BCD607182096BADD0044E88F /* Info.plist */ = {isa = PBXFileReference; lastKnownFileType = text.plist.xml; path = Info.plist; sourceTree = "<group>"; };
		BCD6076F2096BC0F0044E88F /* ZKBase.framework */ = {isa = PBXFileReference; explicitFileType = wrapper.framework; path = ZKBase.framework; sourceTree = BUILT_PRODUCTS_DIR; };
		BCD607712096BF170044E88F /* HomeViewController.swift */ = {isa = PBXFileReference; lastKnownFileType = sourcecode.swift; path = HomeViewController.swift; sourceTree = "<group>"; };
		BCD607732096BF4F0044E88F /* BaseViewController.swift */ = {isa = PBXFileReference; lastKnownFileType = sourcecode.swift; path = BaseViewController.swift; sourceTree = "<group>"; };
		BCD6078A2096CE8B0044E88F /* TestProject-DEV.app */ = {isa = PBXFileReference; explicitFileType = wrapper.application; includeInIndex = 0; path = "TestProject-DEV.app"; sourceTree = BUILT_PRODUCTS_DIR; };
		BCD6078B2096CE8C0044E88F /* TestProject copy-Info.plist */ = {isa = PBXFileReference; lastKnownFileType = text.plist.xml; name = "TestProject copy-Info.plist"; path = "/Users/kun/Desktop/TestSwift/TestProject/TestProject copy-Info.plist"; sourceTree = "<absolute>"; };
/* End PBXFileReference section */

/* Begin PBXFrameworksBuildPhase section */
		BCD607062096BADC0044E88F /* Frameworks */ = {
			isa = PBXFrameworksBuildPhase;
			buildActionMask = 2147483647;
			files = (
				BCD607702096BC0F0044E88F /* ZKBase.framework in Frameworks */,
				81F654EAC60F0F973E31495B /* Pods_TestProject.framework in Frameworks */,
			);
			runOnlyForDeploymentPostprocessing = 0;
		};
		BCD6077E2096CE8B0044E88F /* Frameworks */ = {
			isa = PBXFrameworksBuildPhase;
			buildActionMask = 2147483647;
			files = (
				BCD6077F2096CE8B0044E88F /* ZKBase.framework in Frameworks */,
				BCD607802096CE8B0044E88F /* Pods_TestProject.framework in Frameworks */,
			);
			runOnlyForDeploymentPostprocessing = 0;
		};
/* End PBXFrameworksBuildPhase section */

/* Begin PBXGroup section */
		BCD607002096BADC0044E88F = {
			isa = PBXGroup;
			children = (
				BCD6070B2096BADC0044E88F /* TestProject */,
				BCD6070A2096BADC0044E88F /* Products */,
				BCD6076E2096BC0F0044E88F /* Frameworks */,
				CAB93AC7C191DB7169732976 /* Pods */,
				BCD6078B2096CE8C0044E88F /* TestProject copy-Info.plist */,
			);
			sourceTree = "<group>";
		};
		BCD6070A2096BADC0044E88F /* Products */ = {
			isa = PBXGroup;
			children = (
				BCD607092096BADC0044E88F /* TestProject.app */,
				BCD6078A2096CE8B0044E88F /* TestProject-DEV.app */,
			);
			name = Products;
			sourceTree = "<group>";
		};
		BCD6070B2096BADC0044E88F /* TestProject */ = {
			isa = PBXGroup;
			children = (
				BCD6070C2096BADC0044E88F /* AppDelegate.swift */,
				BCD6070E2096BADC0044E88F /* ViewController.swift */,
				BCD607712096BF170044E88F /* HomeViewController.swift */,
				BCD607732096BF4F0044E88F /* BaseViewController.swift */,
				BCD607102096BADC0044E88F /* Main.storyboard */,
				BCD607132096BADD0044E88F /* Assets.xcassets */,
				BCD607152096BADD0044E88F /* LaunchScreen.storyboard */,
				BCD607182096BADD0044E88F /* Info.plist */,
			);
			path = TestProject;
			sourceTree = "<group>";
		};
		BCD6076E2096BC0F0044E88F /* Frameworks */ = {
			isa = PBXGroup;
			children = (
				BCD6076F2096BC0F0044E88F /* ZKBase.framework */,
				6CA8FCFBF96B0BCF02B2624B /* Pods_TestProject.framework */,
			);
			name = Frameworks;
			sourceTree = "<group>";
		};
		CAB93AC7C191DB7169732976 /* Pods */ = {
			isa = PBXGroup;
			children = (
				A8213BD0DA18B0571358D90F /* Pods-TestProject.debug.xcconfig */,
				8DCF1282AF47769E2280A849 /* Pods-TestProject.release.xcconfig */,
			);
			name = Pods;
			sourceTree = "<group>";
		};
/* End PBXGroup section */

/* Begin PBXNativeTarget section */
		BCD607082096BADC0044E88F /* TestProject */ = {
			isa = PBXNativeTarget;
			buildConfigurationList = BCD6071B2096BADD0044E88F /* Build configuration list for PBXNativeTarget "TestProject" */;
			buildPhases = (
				580F420AB93316FE2BEF2D2C /* [CP] Check Pods Manifest.lock */,
				BCD607052096BADC0044E88F /* Sources */,
				BCD607062096BADC0044E88F /* Frameworks */,
				BCD607072096BADC0044E88F /* Resources */,
				07CB3E8E0E61ABFB95792109 /* [CP] Embed Pods Frameworks */,
				43552A5E5D8F95A2CE4C47E6 /* [CP] Copy Pods Resources */,
			);
			buildRules = (
			);
			dependencies = (
			);
			name = TestProject;
			productName = TestProject;
			productReference = BCD607092096BADC0044E88F /* TestProject.app */;
			productType = "com.apple.product-type.application";
		};
		BCD607772096CE8B0044E88F /* TestProject-DEV */ = {
			isa = PBXNativeTarget;
			buildConfigurationList = BCD607872096CE8B0044E88F /* Build configuration list for PBXNativeTarget "TestProject-DEV" */;
			buildPhases = (
				BCD607782096CE8B0044E88F /* [CP] Check Pods Manifest.lock */,
				BCD607792096CE8B0044E88F /* Sources */,
				BCD6077E2096CE8B0044E88F /* Frameworks */,
				BCD607812096CE8B0044E88F /* Resources */,
				BCD607852096CE8B0044E88F /* [CP] Embed Pods Frameworks */,
				BCD607862096CE8B0044E88F /* [CP] Copy Pods Resources */,
			);
			buildRules = (
			);
			dependencies = (
			);
			name = "TestProject-DEV";
			productName = TestProject;
			productReference = BCD6078A2096CE8B0044E88F /* TestProject-DEV.app */;
			productType = "com.apple.product-type.application";
		};
/* End PBXNativeTarget section */

/* Begin PBXProject section */
		BCD607012096BADC0044E88F /* Project object */ = {
			isa = PBXProject;
			attributes = {
				LastSwiftUpdateCheck = 0930;
				LastUpgradeCheck = 0930;
				ORGANIZATIONNAME = "Zhao Kun";
				TargetAttributes = {
					BCD607082096BADC0044E88F = {
						CreatedOnToolsVersion = 9.3;
					};
				};
			};
			buildConfigurationList = BCD607042096BADC0044E88F /* Build configuration list for PBXProject "TestProject" */;
			compatibilityVersion = "Xcode 9.3";
			developmentRegion = en;
			hasScannedForEncodings = 0;
			knownRegions = (
				en,
				Base,
			);
			mainGroup = BCD607002096BADC0044E88F;
			productRefGroup = BCD6070A2096BADC0044E88F /* Products */;
			projectDirPath = "";
			projectRoot = "";
			targets = (
				BCD607082096BADC0044E88F /* TestProject */,
				BCD607772096CE8B0044E88F /* TestProject-DEV */,
			);
		};
/* End PBXProject section */

/* Begin PBXResourcesBuildPhase section */
		BCD607072096BADC0044E88F /* Resources */ = {
			isa = PBXResourcesBuildPhase;
			buildActionMask = 2147483647;
			files = (
				BCD607172096BADD0044E88F /* LaunchScreen.storyboard in Resources */,
				BCD607142096BADD0044E88F /* Assets.xcassets in Resources */,
				BCD607122096BADC0044E88F /* Main.storyboard in Resources */,
			);
			runOnlyForDeploymentPostprocessing = 0;
		};
		BCD607812096CE8B0044E88F /* Resources */ = {
			isa = PBXResourcesBuildPhase;
			buildActionMask = 2147483647;
			files = (
				BCD607822096CE8B0044E88F /* LaunchScreen.storyboard in Resources */,
				BCD607832096CE8B0044E88F /* Assets.xcassets in Resources */,
				BCD607842096CE8B0044E88F /* Main.storyboard in Resources */,
			);
			runOnlyForDeploymentPostprocessing = 0;
		};
/* End PBXResourcesBuildPhase section */

/* Begin PBXShellScriptBuildPhase section */
		07CB3E8E0E61ABFB95792109 /* [CP] Embed Pods Frameworks */ = {
			isa = PBXShellScriptBuildPhase;
			buildActionMask = 2147483647;
			files = (
			);
			inputPaths = (
				"${SRCROOT}/../Pods/Target Support Files/Pods-TestProject/Pods-TestProject-frameworks.sh",
				"${BUILT_PRODUCTS_DIR}/AFNetworking/AFNetworking.framework",
				"${BUILT_PRODUCTS_DIR}/YYModel/YYModel.framework",
			);
			name = "[CP] Embed Pods Frameworks";
			outputPaths = (
				"${TARGET_BUILD_DIR}/${FRAMEWORKS_FOLDER_PATH}/AFNetworking.framework",
				"${TARGET_BUILD_DIR}/${FRAMEWORKS_FOLDER_PATH}/YYModel.framework",
			);
			runOnlyForDeploymentPostprocessing = 0;
			shellPath = /bin/sh;
			shellScript = "\"${SRCROOT}/../Pods/Target Support Files/Pods-TestProject/Pods-TestProject-frameworks.sh\"\n";
			showEnvVarsInLog = 0;
		};
		43552A5E5D8F95A2CE4C47E6 /* [CP] Copy Pods Resources */ = {
			isa = PBXShellScriptBuildPhase;
			buildActionMask = 2147483647;
			files = (
			);
			inputPaths = (
			);
			name = "[CP] Copy Pods Resources";
			outputPaths = (
			);
			runOnlyForDeploymentPostprocessing = 0;
			shellPath = /bin/sh;
			shellScript = "\"${SRCROOT}/../Pods/Target Support Files/Pods-TestProject/Pods-TestProject-resources.sh\"\n";
			showEnvVarsInLog = 0;
		};
		580F420AB93316FE2BEF2D2C /* [CP] Check Pods Manifest.lock */ = {
			isa = PBXShellScriptBuildPhase;
			buildActionMask = 2147483647;
			files = (
			);
			inputPaths = (
				"${PODS_PODFILE_DIR_PATH}/Podfile.lock",
				"${PODS_ROOT}/Manifest.lock",
			);
			name = "[CP] Check Pods Manifest.lock";
			outputPaths = (
				"$(DERIVED_FILE_DIR)/Pods-TestProject-checkManifestLockResult.txt",
			);
			runOnlyForDeploymentPostprocessing = 0;
			shellPath = /bin/sh;
			shellScript = "diff \"${PODS_PODFILE_DIR_PATH}/Podfile.lock\" \"${PODS_ROOT}/Manifest.lock\" > /dev/null\nif [ $? != 0 ] ; then\n    # print error to STDERR\n    echo \"error: The sandbox is not in sync with the Podfile.lock. Run 'pod install' or update your CocoaPods installation.\" >&2\n    exit 1\nfi\n# This output is used by Xcode 'outputs' to avoid re-running this script phase.\necho \"SUCCESS\" > \"${SCRIPT_OUTPUT_FILE_0}\"\n";
			showEnvVarsInLog = 0;
		};
		BCD607782096CE8B0044E88F /* [CP] Check Pods Manifest.lock */ = {
			isa = PBXShellScriptBuildPhase;
			buildActionMask = 2147483647;
			files = (
			);
			inputPaths = (
				"${PODS_PODFILE_DIR_PATH}/Podfile.lock",
				"${PODS_ROOT}/Manifest.lock",
			);
			name = "[CP] Check Pods Manifest.lock";
			outputPaths = (
				"$(DERIVED_FILE_DIR)/Pods-TestProject-checkManifestLockResult.txt",
			);
			runOnlyForDeploymentPostprocessing = 0;
			shellPath = /bin/sh;
			shellScript = "diff \"${PODS_PODFILE_DIR_PATH}/Podfile.lock\" \"${PODS_ROOT}/Manifest.lock\" > /dev/null\nif [ $? != 0 ] ; then\n    # print error to STDERR\n    echo \"error: The sandbox is not in sync with the Podfile.lock. Run 'pod install' or update your CocoaPods installation.\" >&2\n    exit 1\nfi\n# This output is used by Xcode 'outputs' to avoid re-running this script phase.\necho \"SUCCESS\" > \"${SCRIPT_OUTPUT_FILE_0}\"\n";
			showEnvVarsInLog = 0;
		};
		BCD607852096CE8B0044E88F /* [CP] Embed Pods Frameworks */ = {
			isa = PBXShellScriptBuildPhase;
			buildActionMask = 2147483647;
			files = (
			);
			inputPaths = (
				"${SRCROOT}/../Pods/Target Support Files/Pods-TestProject/Pods-TestProject-frameworks.sh",
				"${BUILT_PRODUCTS_DIR}/AFNetworking/AFNetworking.framework",
				"${BUILT_PRODUCTS_DIR}/YYModel/YYModel.framework",
			);
			name = "[CP] Embed Pods Frameworks";
			outputPaths = (
				"${TARGET_BUILD_DIR}/${FRAMEWORKS_FOLDER_PATH}/AFNetworking.framework",
				"${TARGET_BUILD_DIR}/${FRAMEWORKS_FOLDER_PATH}/YYModel.framework",
			);
			runOnlyForDeploymentPostprocessing = 0;
			shellPath = /bin/sh;
			shellScript = "\"${SRCROOT}/../Pods/Target Support Files/Pods-TestProject/Pods-TestProject-frameworks.sh\"\n";
			showEnvVarsInLog = 0;
		};
		BCD607862096CE8B0044E88F /* [CP] Copy Pods Resources */ = {
			isa = PBXShellScriptBuildPhase;
			buildActionMask = 2147483647;
			files = (
			);
			inputPaths = (
			);
			name = "[CP] Copy Pods Resources";
			outputPaths = (
			);
			runOnlyForDeploymentPostprocessing = 0;
			shellPath = /bin/sh;
			shellScript = "\"${SRCROOT}/../Pods/Target Support Files/Pods-TestProject/Pods-TestProject-resources.sh\"\n";
			showEnvVarsInLog = 0;
		};
/* End PBXShellScriptBuildPhase section */

/* Begin PBXSourcesBuildPhase section */
		BCD607052096BADC0044E88F /* Sources */ = {
			isa = PBXSourcesBuildPhase;
			buildActionMask = 2147483647;
			files = (
				BCD6070F2096BADC0044E88F /* ViewController.swift in Sources */,
				BCD607742096BF4F0044E88F /* BaseViewController.swift in Sources */,
				BCD6070D2096BADC0044E88F /* AppDelegate.swift in Sources */,
				BCD607722096BF170044E88F /* HomeViewController.swift in Sources */,
			);
			runOnlyForDeploymentPostprocessing = 0;
		};
		BCD607792096CE8B0044E88F /* Sources */ = {
			isa = PBXSourcesBuildPhase;
			buildActionMask = 2147483647;
			files = (
				BCD6077A2096CE8B0044E88F /* ViewController.swift in Sources */,
				BCD6077B2096CE8B0044E88F /* BaseViewController.swift in Sources */,
				BCD6077C2096CE8B0044E88F /* AppDelegate.swift in Sources */,
				BCD6077D2096CE8B0044E88F /* HomeViewController.swift in Sources */,
			);
			runOnlyForDeploymentPostprocessing = 0;
		};
/* End PBXSourcesBuildPhase section */

/* Begin PBXVariantGroup section */
		BCD607102096BADC0044E88F /* Main.storyboard */ = {
			isa = PBXVariantGroup;
			children = (
				BCD607112096BADC0044E88F /* Base */,
			);
			name = Main.storyboard;
			sourceTree = "<group>";
		};
		BCD607152096BADD0044E88F /* LaunchScreen.storyboard */ = {
			isa = PBXVariantGroup;
			children = (
				BCD607162096BADD0044E88F /* Base */,
			);
			name = LaunchScreen.storyboard;
			sourceTree = "<group>";
		};
/* End PBXVariantGroup section */

/* Begin XCBuildConfiguration section */
		BCD607192096BADD0044E88F /* Debug */ = {
			isa = XCBuildConfiguration;
			buildSettings = {
				ALWAYS_SEARCH_USER_PATHS = NO;
				CLANG_ANALYZER_NONNULL = YES;
				CLANG_ANALYZER_NUMBER_OBJECT_CONVERSION = YES_AGGRESSIVE;
				CLANG_CXX_LANGUAGE_STANDARD = "gnu++14";
				CLANG_CXX_LIBRARY = "libc++";
				CLANG_ENABLE_MODULES = YES;
				CLANG_ENABLE_OBJC_ARC = YES;
				CLANG_ENABLE_OBJC_WEAK = YES;
				CLANG_WARN_BLOCK_CAPTURE_AUTORELEASING = YES;
				CLANG_WARN_BOOL_CONVERSION = YES;
				CLANG_WARN_COMMA = YES;
				CLANG_WARN_CONSTANT_CONVERSION = YES;
				CLANG_WARN_DEPRECATED_OBJC_IMPLEMENTATIONS = YES;
				CLANG_WARN_DIRECT_OBJC_ISA_USAGE = YES_ERROR;
				CLANG_WARN_DOCUMENTATION_COMMENTS = YES;
				CLANG_WARN_EMPTY_BODY = YES;
				CLANG_WARN_ENUM_CONVERSION = YES;
				CLANG_WARN_INFINITE_RECURSION = YES;
				CLANG_WARN_INT_CONVERSION = YES;
				CLANG_WARN_NON_LITERAL_NULL_CONVERSION = YES;
				CLANG_WARN_OBJC_IMPLICIT_RETAIN_SELF = YES;
				CLANG_WARN_OBJC_LITERAL_CONVERSION = YES;
				CLANG_WARN_OBJC_ROOT_CLASS = YES_ERROR;
				CLANG_WARN_RANGE_LOOP_ANALYSIS = YES;
				CLANG_WARN_STRICT_PROTOTYPES = YES;
				CLANG_WARN_SUSPICIOUS_MOVE = YES;
				CLANG_WARN_UNGUARDED_AVAILABILITY = YES_AGGRESSIVE;
				CLANG_WARN_UNREACHABLE_CODE = YES;
				CLANG_WARN__DUPLICATE_METHOD_MATCH = YES;
				CODE_SIGN_IDENTITY = "iPhone Developer";
				COPY_PHASE_STRIP = NO;
				DEBUG_INFORMATION_FORMAT = dwarf;
				ENABLE_STRICT_OBJC_MSGSEND = YES;
				ENABLE_TESTABILITY = YES;
				GCC_C_LANGUAGE_STANDARD = gnu11;
				GCC_DYNAMIC_NO_PIC = NO;
				GCC_NO_COMMON_BLOCKS = YES;
				GCC_OPTIMIZATION_LEVEL = 0;
				GCC_PREPROCESSOR_DEFINITIONS = (
					"DEBUG=1",
					"$(inherited)",
				);
				GCC_WARN_64_TO_32_BIT_CONVERSION = YES;
				GCC_WARN_ABOUT_RETURN_TYPE = YES_ERROR;
				GCC_WARN_UNDECLARED_SELECTOR = YES;
				GCC_WARN_UNINITIALIZED_AUTOS = YES_AGGRESSIVE;
				GCC_WARN_UNUSED_FUNCTION = YES;
				GCC_WARN_UNUSED_VARIABLE = YES;
				IPHONEOS_DEPLOYMENT_TARGET = 11.3;
				MTL_ENABLE_DEBUG_INFO = YES;
				ONLY_ACTIVE_ARCH = YES;
				SDKROOT = iphoneos;
				SWIFT_ACTIVE_COMPILATION_CONDITIONS = DEBUG;
				SWIFT_OPTIMIZATION_LEVEL = "-Onone";
			};
			name = Debug;
		};
		BCD6071A2096BADD0044E88F /* Release */ = {
			isa = XCBuildConfiguration;
			buildSettings = {
				ALWAYS_SEARCH_USER_PATHS = NO;
				CLANG_ANALYZER_NONNULL = YES;
				CLANG_ANALYZER_NUMBER_OBJECT_CONVERSION = YES_AGGRESSIVE;
				CLANG_CXX_LANGUAGE_STANDARD = "gnu++14";
				CLANG_CXX_LIBRARY = "libc++";
				CLANG_ENABLE_MODULES = YES;
				CLANG_ENABLE_OBJC_ARC = YES;
				CLANG_ENABLE_OBJC_WEAK = YES;
				CLANG_WARN_BLOCK_CAPTURE_AUTORELEASING = YES;
				CLANG_WARN_BOOL_CONVERSION = YES;
				CLANG_WARN_COMMA = YES;
				CLANG_WARN_CONSTANT_CONVERSION = YES;
				CLANG_WARN_DEPRECATED_OBJC_IMPLEMENTATIONS = YES;
				CLANG_WARN_DIRECT_OBJC_ISA_USAGE = YES_ERROR;
				CLANG_WARN_DOCUMENTATION_COMMENTS = YES;
				CLANG_WARN_EMPTY_BODY = YES;
				CLANG_WARN_ENUM_CONVERSION = YES;
				CLANG_WARN_INFINITE_RECURSION = YES;
				CLANG_WARN_INT_CONVERSION = YES;
				CLANG_WARN_NON_LITERAL_NULL_CONVERSION = YES;
				CLANG_WARN_OBJC_IMPLICIT_RETAIN_SELF = YES;
				CLANG_WARN_OBJC_LITERAL_CONVERSION = YES;
				CLANG_WARN_OBJC_ROOT_CLASS = YES_ERROR;
				CLANG_WARN_RANGE_LOOP_ANALYSIS = YES;
				CLANG_WARN_STRICT_PROTOTYPES = YES;
				CLANG_WARN_SUSPICIOUS_MOVE = YES;
				CLANG_WARN_UNGUARDED_AVAILABILITY = YES_AGGRESSIVE;
				CLANG_WARN_UNREACHABLE_CODE = YES;
				CLANG_WARN__DUPLICATE_METHOD_MATCH = YES;
				CODE_SIGN_IDENTITY = "iPhone Developer";
				COPY_PHASE_STRIP = NO;
				DEBUG_INFORMATION_FORMAT = "dwarf-with-dsym";
				ENABLE_NS_ASSERTIONS = NO;
				ENABLE_STRICT_OBJC_MSGSEND = YES;
				GCC_C_LANGUAGE_STANDARD = gnu11;
				GCC_NO_COMMON_BLOCKS = YES;
				GCC_WARN_64_TO_32_BIT_CONVERSION = YES;
				GCC_WARN_ABOUT_RETURN_TYPE = YES_ERROR;
				GCC_WARN_UNDECLARED_SELECTOR = YES;
				GCC_WARN_UNINITIALIZED_AUTOS = YES_AGGRESSIVE;
				GCC_WARN_UNUSED_FUNCTION = YES;
				GCC_WARN_UNUSED_VARIABLE = YES;
				IPHONEOS_DEPLOYMENT_TARGET = 11.3;
				MTL_ENABLE_DEBUG_INFO = NO;
				SDKROOT = iphoneos;
				SWIFT_COMPILATION_MODE = wholemodule;
				SWIFT_OPTIMIZATION_LEVEL = "-O";
				VALIDATE_PRODUCT = YES;
			};
			name = Release;
		};
		BCD6071C2096BADD0044E88F /* Debug */ = {
			isa = XCBuildConfiguration;
			baseConfigurationReference = A8213BD0DA18B0571358D90F /* Pods-TestProject.debug.xcconfig */;
			buildSettings = {
				ASSETCATALOG_COMPILER_APPICON_NAME = AppIcon;
				CODE_SIGN_STYLE = Automatic;
				DEVELOPMENT_TEAM = 44CZYSLT56;
				GCC_PREPROCESSOR_DEFINITIONS = (
					"$(inherited)",
					"COCOAPODS=1",
					"DEV=0",
				);
				INFOPLIST_FILE = TestProject/Info.plist;
				LD_RUNPATH_SEARCH_PATHS = (
					"$(inherited)",
					"@executable_path/Frameworks",
				);
				PRODUCT_BUNDLE_IDENTIFIER = hanamichi.com.TestProject;
				PRODUCT_NAME = "$(TARGET_NAME)";
				SWIFT_VERSION = 4.0;
				TARGETED_DEVICE_FAMILY = "1,2";
			};
			name = Debug;
		};
		BCD6071D2096BADD0044E88F /* Release */ = {
			isa = XCBuildConfiguration;
			baseConfigurationReference = 8DCF1282AF47769E2280A849 /* Pods-TestProject.release.xcconfig */;
			buildSettings = {
				ASSETCATALOG_COMPILER_APPICON_NAME = AppIcon;
				CODE_SIGN_STYLE = Automatic;
				DEVELOPMENT_TEAM = 44CZYSLT56;
				INFOPLIST_FILE = TestProject/Info.plist;
				LD_RUNPATH_SEARCH_PATHS = (
					"$(inherited)",
					"@executable_path/Frameworks",
				);
				PRODUCT_BUNDLE_IDENTIFIER = hanamichi.com.TestProject;
				PRODUCT_NAME = "$(TARGET_NAME)";
				SWIFT_VERSION = 4.0;
				TARGETED_DEVICE_FAMILY = "1,2";
			};
			name = Release;
		};
		BCD607882096CE8B0044E88F /* Debug */ = {
			isa = XCBuildConfiguration;
			baseConfigurationReference = A8213BD0DA18B0571358D90F /* Pods-TestProject.debug.xcconfig */;
			buildSettings = {
				ASSETCATALOG_COMPILER_APPICON_NAME = AppIcon;
				CODE_SIGN_STYLE = Automatic;
				DEVELOPMENT_TEAM = 44CZYSLT56;
				GCC_PREPROCESSOR_DEFINITIONS = (
					"$(inherited)",
					"COCOAPODS=1",
					"DEV=1",
				);
				INFOPLIST_FILE = "TestProject copy-Info.plist";
				LD_RUNPATH_SEARCH_PATHS = (
					"$(inherited)",
					"@executable_path/Frameworks",
				);
				PRODUCT_BUNDLE_IDENTIFIER = hanamichi.com.TestProject;
				PRODUCT_NAME = "$(TARGET_NAME)";
				SWIFT_ACTIVE_COMPILATION_CONDITIONS = "DEBUG DEV";
				SWIFT_VERSION = 4.0;
				TARGETED_DEVICE_FAMILY = "1,2";
			};
			name = Debug;
		};
		BCD607892096CE8B0044E88F /* Release */ = {
			isa = XCBuildConfiguration;
			baseConfigurationReference = 8DCF1282AF47769E2280A849 /* Pods-TestProject.release.xcconfig */;
			buildSettings = {
				ASSETCATALOG_COMPILER_APPICON_NAME = AppIcon;
				CODE_SIGN_STYLE = Automatic;
				DEVELOPMENT_TEAM = 44CZYSLT56;
				INFOPLIST_FILE = "TestProject copy-Info.plist";
				LD_RUNPATH_SEARCH_PATHS = (
					"$(inherited)",
					"@executable_path/Frameworks",
				);
				PRODUCT_BUNDLE_IDENTIFIER = hanamichi.com.TestProject;
				PRODUCT_NAME = "$(TARGET_NAME)";
				SWIFT_VERSION = 4.0;
				TARGETED_DEVICE_FAMILY = "1,2";
			};
			name = Release;
		};
/* End XCBuildConfiguration section */

/* Begin XCConfigurationList section */
		BCD607042096BADC0044E88F /* Build configuration list for PBXProject "TestProject" */ = {
			isa = XCConfigurationList;
			buildConfigurations = (
				BCD607192096BADD0044E88F /* Debug */,
				BCD6071A2096BADD0044E88F /* Release */,
			);
			defaultConfigurationIsVisible = 0;
			defaultConfigurationName = Release;
		};
		BCD6071B2096BADD0044E88F /* Build configuration list for PBXNativeTarget "TestProject" */ = {
			isa = XCConfigurationList;
			buildConfigurations = (
				BCD6071C2096BADD0044E88F /* Debug */,
				BCD6071D2096BADD0044E88F /* Release */,
			);
			defaultConfigurationIsVisible = 0;
			defaultConfigurationName = Release;
		};
		BCD607872096CE8B0044E88F /* Build configuration list for PBXNativeTarget "TestProject-DEV" */ = {
			isa = XCConfigurationList;
			buildConfigurations = (
				BCD607882096CE8B0044E88F /* Debug */,
				BCD607892096CE8B0044E88F /* Release */,
			);
			defaultConfigurationIsVisible = 0;
			defaultConfigurationName = Release;
		};
/* End XCConfigurationList section */
	};
	rootObject = BCD607012096BADC0044E88F /* Project object */;
}
